
Microsoft Visual Studio Solution File, Format Version 12.00
# Visual Studio Version 16
VisualStudioVersion = 16.0.30114.105
MinimumVisualStudioVersion = 10.0.40219.1
Project("{FAE04EC0-301F-11D3-BF4B-00C04F79EFBC}") = "Calculing Compare Hash", "Calculing Compare Hash\Calculing Compare Hash.csproj", "{65A5B7E0-5C4B-4A25-88E2-88B9806B980B}"
EndProject
Global
	GlobalSection(SolutionConfigurationPlatforms) = preSolution
		Debug|Any CPU = Debug|Any CPU
		Debug|x64 = Debug|x64
		Debug|x86 = Debug|x86
		Release|Any CPU = Release|Any CPU
		Release|x64 = Release|x64
		Release|x86 = Release|x86
	EndGlobalSection
	GlobalSection(ProjectConfigurationPlatforms) = postSolution
		{65A5B7E0-5C4B-4A25-88E2-88B9806B980B}.Debug|Any CPU.ActiveCfg = Debug|Any CPU
		{65A5B7E0-5C4B-4A25-88E2-88B9806B980B}.Debug|Any CPU.Build.0 = Debug|Any CPU
		{65A5B7E0-5C4B-4A25-88E2-88B9806B980B}.Debug|x64.ActiveCfg = Debug|Any CPU
		{65A5B7E0-5C4B-4A25-88E2-88B9806B980B}.Debug|x64.Build.0 = Debug|Any CPU
		{65A5B7E0-5C4B-4A25-88E2-88B9806B980B}.Debug|x86.ActiveCfg = Debug|Any CPU
		{65A5B7E0-5C4B-4A25-88E2-88B9806B980B}.Debug|x86.Build.0 = Debug|Any CPU
		{65A5B7E0-5C4B-4A25-88E2-88B9806B980B}.Release|Any CPU.ActiveCfg = Release|Any CPU
		{65A5B7E0-5C4B-4A25-88E2-88B9806B980B}.Release|Any CPU.Build.0 = Release|Any CPU
		{65A5B7E0-5C4B-4A25-88E2-88B9806B980B}.Release|x64.ActiveCfg = Release|Any CPU
		{65A5B7E0-5C4B-4A25-88E2-88B9806B980B}.Release|x64.Build.0 = Release|Any CPU
		{65A5B7E0-5C4B-4A25-88E2-88B9806B980B}.Release|x86.ActiveCfg = Release|Any CPU
		{65A5B7E0-5C4B-4A25-88E2-88B9806B980B}.Release|x86.Build.0 = Release|Any CPU
	EndGlobalSection
	GlobalSection(SolutionProperties) = preSolution
		HideSolutionNode = FALSE
	EndGlobalSection
	GlobalSection(ExtensibilityGlobals) = postSolution
		SolutionGuid = {6F04D9AC-E5DD-44AC-AE04-4A9AF02DD52E}
	EndGlobalSection
EndGlobal
